
Microsoft Visual Studio Solution File, Format Version 12.00
# Visual Studio Version 17
VisualStudioVersion = 17.8.34316.72
MinimumVisualStudioVersion = 10.0.40219.1
Project("{FAE04EC0-301F-11D3-BF4B-00C04F79EFBC}") = "ProyectoFin5semestreFORMS", "ProyectoFin5semestreFORMS\ProyectoFin5semestreFORMS.csproj", "{C862F0FE-F83A-4632-894A-B9F633E60198}"
EndProject
Global
	GlobalSection(SolutionConfigurationPlatforms) = preSolution
		Debug|Any CPU = Debug|Any CPU
		Release|Any CPU = Release|Any CPU
	EndGlobalSection
	GlobalSection(ProjectConfigurationPlatforms) = postSolution
		{C862F0FE-F83A-4632-894A-B9F633E60198}.Debug|Any CPU.ActiveCfg = Debug|Any CPU
		{C862F0FE-F83A-4632-894A-B9F633E60198}.Debug|Any CPU.Build.0 = Debug|Any CPU
		{C862F0FE-F83A-4632-894A-B9F633E60198}.Release|Any CPU.ActiveCfg = Release|Any CPU
		{C862F0FE-F83A-4632-894A-B9F633E60198}.Release|Any CPU.Build.0 = Release|Any CPU
	EndGlobalSection
	GlobalSection(SolutionProperties) = preSolution
		HideSolutionNode = FALSE
	EndGlobalSection
	GlobalSection(ExtensibilityGlobals) = postSolution
		SolutionGuid = {A4A4D3EA-3CCB-40B4-AB47-0A3DAF1010E2}
	EndGlobalSection
EndGlobal
